// !$*UTF8*$!
{
	archiveVersion = 1;
	classes = {
	};
	objectVersion = 46;
	objects = {

/* Begin PBXBuildFile section */
		E93510A517904C6A00F30FA2 /* Default-568h@2x.png in Resources */ = {isa = PBXBuildFile; fileRef = E935109317904C6A00F30FA2 /* Default-568h@2x.png */; };
		E93510A617904C6A00F30FA2 /* Default.png in Resources */ = {isa = PBXBuildFile; fileRef = E935109417904C6A00F30FA2 /* Default.png */; };
		E93510A717904C6A00F30FA2 /* Default@2x.png in Resources */ = {isa = PBXBuildFile; fileRef = E935109517904C6A00F30FA2 /* Default@2x.png */; };
		E93510A817904C6A00F30FA2 /* dog.png in Resources */ = {isa = PBXBuildFile; fileRef = E935109617904C6A00F30FA2 /* dog.png */; };
		E93510A917904C6A00F30FA2 /* dog@2x.png in Resources */ = {isa = PBXBuildFile; fileRef = E935109717904C6A00F30FA2 /* dog@2x.png */; };
		E93510AA17904C6A00F30FA2 /* InfoPlist.strings in Resources */ = {isa = PBXBuildFile; fileRef = E935109817904C6A00F30FA2 /* InfoPlist.strings */; };
		E93510AB17904C6A00F30FA2 /* RTViewController.xib in Resources */ = {isa = PBXBuildFile; fileRef = E935109A17904C6A00F30FA2 /* RTViewController.xib */; };
		E93510AC17904C6A00F30FA2 /* fox.png in Resources */ = {isa = PBXBuildFile; fileRef = E935109C17904C6A00F30FA2 /* fox.png */; };
		E93510AD17904C6A00F30FA2 /* fox@2x.png in Resources */ = {isa = PBXBuildFile; fileRef = E935109D17904C6A00F30FA2 /* fox@2x.png */; };
		E93510AE17904C6A00F30FA2 /* main.m in Sources */ = {isa = PBXBuildFile; fileRef = E935109E17904C6A00F30FA2 /* main.m */; };
		E93510AF17904C6A00F30FA2 /* RTAppDelegate.m in Sources */ = {isa = PBXBuildFile; fileRef = E93510A017904C6A00F30FA2 /* RTAppDelegate.m */; };
		E93510B117904C6A00F30FA2 /* RTViewController.m in Sources */ = {isa = PBXBuildFile; fileRef = E93510A417904C6A00F30FA2 /* RTViewController.m */; };
		E993BAFD178B080B00CD032E /* UIKit.framework in Frameworks */ = {isa = PBXBuildFile; fileRef = E993BAFC178B080B00CD032E /* UIKit.framework */; };
		E993BAFF178B080B00CD032E /* Foundation.framework in Frameworks */ = {isa = PBXBuildFile; fileRef = E993BAFE178B080B00CD032E /* Foundation.framework */; };
		E993BB01178B080B00CD032E /* CoreGraphics.framework in Frameworks */ = {isa = PBXBuildFile; fileRef = E993BB00178B080B00CD032E /* CoreGraphics.framework */; };
		E993BB30178B11DD00CD032E /* RTToastManager.m in Sources */ = {isa = PBXBuildFile; fileRef = E993BB2F178B11DD00CD032E /* RTToastManager.m */; };
		E9979F9917983BCC0084BF1C /* RTToastMessage.m in Sources */ = {isa = PBXBuildFile; fileRef = E993BB32178B11FA00CD032E /* RTToastMessage.m */; };
/* End PBXBuildFile section */

/* Begin PBXFileReference section */
		E935109317904C6A00F30FA2 /* Default-568h@2x.png */ = {isa = PBXFileReference; lastKnownFileType = image.png; path = "Default-568h@2x.png"; sourceTree = "<group>"; };
		E935109417904C6A00F30FA2 /* Default.png */ = {isa = PBXFileReference; lastKnownFileType = image.png; path = Default.png; sourceTree = "<group>"; };
		E935109517904C6A00F30FA2 /* Default@2x.png */ = {isa = PBXFileReference; lastKnownFileType = image.png; path = "Default@2x.png"; sourceTree = "<group>"; };
		E935109617904C6A00F30FA2 /* dog.png */ = {isa = PBXFileReference; lastKnownFileType = image.png; path = dog.png; sourceTree = "<group>"; };
		E935109717904C6A00F30FA2 /* dog@2x.png */ = {isa = PBXFileReference; lastKnownFileType = image.png; path = "dog@2x.png"; sourceTree = "<group>"; };
		E935109917904C6A00F30FA2 /* en */ = {isa = PBXFileReference; lastKnownFileType = text.plist.strings; name = en; path = en.lproj/InfoPlist.strings; sourceTree = "<group>"; };
		E935109B17904C6A00F30FA2 /* en */ = {isa = PBXFileReference; lastKnownFileType = file.xib; name = en; path = en.lproj/RTViewController.xib; sourceTree = "<group>"; };
		E935109C17904C6A00F30FA2 /* fox.png */ = {isa = PBXFileReference; lastKnownFileType = image.png; path = fox.png; sourceTree = "<group>"; };
		E935109D17904C6A00F30FA2 /* fox@2x.png */ = {isa = PBXFileReference; lastKnownFileType = image.png; path = "fox@2x.png"; sourceTree = "<group>"; };
		E935109E17904C6A00F30FA2 /* main.m */ = {isa = PBXFileReference; fileEncoding = 4; lastKnownFileType = sourcecode.c.objc; path = main.m; sourceTree = "<group>"; };
		E935109F17904C6A00F30FA2 /* RTAppDelegate.h */ = {isa = PBXFileReference; fileEncoding = 4; lastKnownFileType = sourcecode.c.h; path = RTAppDelegate.h; sourceTree = "<group>"; };
		E93510A017904C6A00F30FA2 /* RTAppDelegate.m */ = {isa = PBXFileReference; fileEncoding = 4; lastKnownFileType = sourcecode.c.objc; path = RTAppDelegate.m; sourceTree = "<group>"; };
		E93510A117904C6A00F30FA2 /* RTToastManager-Info.plist */ = {isa = PBXFileReference; fileEncoding = 4; lastKnownFileType = text.plist.xml; path = "RTToastManager-Info.plist"; sourceTree = "<group>"; };
		E93510A217904C6A00F30FA2 /* RTToastManager-Prefix.pch */ = {isa = PBXFileReference; fileEncoding = 4; lastKnownFileType = sourcecode.c.h; path = "RTToastManager-Prefix.pch"; sourceTree = "<group>"; };
		E93510A317904C6A00F30FA2 /* RTViewController.h */ = {isa = PBXFileReference; fileEncoding = 4; lastKnownFileType = sourcecode.c.h; path = RTViewController.h; sourceTree = "<group>"; };
		E93510A417904C6A00F30FA2 /* RTViewController.m */ = {isa = PBXFileReference; fileEncoding = 4; lastKnownFileType = sourcecode.c.objc; path = RTViewController.m; sourceTree = "<group>"; };
		E993BAF9178B080B00CD032E /* RTToastManager.app */ = {isa = PBXFileReference; explicitFileType = wrapper.application; includeInIndex = 0; path = RTToastManager.app; sourceTree = BUILT_PRODUCTS_DIR; };
		E993BAFC178B080B00CD032E /* UIKit.framework */ = {isa = PBXFileReference; lastKnownFileType = wrapper.framework; name = UIKit.framework; path = System/Library/Frameworks/UIKit.framework; sourceTree = SDKROOT; };
		E993BAFE178B080B00CD032E /* Foundation.framework */ = {isa = PBXFileReference; lastKnownFileType = wrapper.framework; name = Foundation.framework; path = System/Library/Frameworks/Foundation.framework; sourceTree = SDKROOT; };
		E993BB00178B080B00CD032E /* CoreGraphics.framework */ = {isa = PBXFileReference; lastKnownFileType = wrapper.framework; name = CoreGraphics.framework; path = System/Library/Frameworks/CoreGraphics.framework; sourceTree = SDKROOT; };
		E993BB2E178B11DD00CD032E /* RTToastManager.h */ = {isa = PBXFileReference; fileEncoding = 4; lastKnownFileType = sourcecode.c.h; path = RTToastManager.h; sourceTree = SOURCE_ROOT; };
		E993BB2F178B11DD00CD032E /* RTToastManager.m */ = {isa = PBXFileReference; fileEncoding = 4; lastKnownFileType = sourcecode.c.objc; path = RTToastManager.m; sourceTree = SOURCE_ROOT; };
		E993BB31178B11FA00CD032E /* RTToastMessage.h */ = {isa = PBXFileReference; fileEncoding = 4; lastKnownFileType = sourcecode.c.h; path = RTToastMessage.h; sourceTree = SOURCE_ROOT; };
		E993BB32178B11FA00CD032E /* RTToastMessage.m */ = {isa = PBXFileReference; fileEncoding = 4; lastKnownFileType = sourcecode.c.objc; path = RTToastMessage.m; sourceTree = SOURCE_ROOT; };
/* End PBXFileReference section */

/* Begin PBXFrameworksBuildPhase section */
		E993BAF6178B080B00CD032E /* Frameworks */ = {
			isa = PBXFrameworksBuildPhase;
			buildActionMask = 2147483647;
			files = (
				E993BAFD178B080B00CD032E /* UIKit.framework in Frameworks */,
				E993BAFF178B080B00CD032E /* Foundation.framework in Frameworks */,
				E993BB01178B080B00CD032E /* CoreGraphics.framework in Frameworks */,
			);
			runOnlyForDeploymentPostprocessing = 0;
		};
/* End PBXFrameworksBuildPhase section */

/* Begin PBXGroup section */
		E935109217904C6A00F30FA2 /* Demo */ = {
			isa = PBXGroup;
			children = (
				E93510B217904CD900F30FA2 /* Supporting Files */,
				E935109F17904C6A00F30FA2 /* RTAppDelegate.h */,
				E93510A017904C6A00F30FA2 /* RTAppDelegate.m */,
				E93510A317904C6A00F30FA2 /* RTViewController.h */,
				E93510A417904C6A00F30FA2 /* RTViewController.m */,
				E935109A17904C6A00F30FA2 /* RTViewController.xib */,
			);
			path = Demo;
			sourceTree = "<group>";
		};
		E93510B217904CD900F30FA2 /* Supporting Files */ = {
			isa = PBXGroup;
			children = (
				E935109C17904C6A00F30FA2 /* fox.png */,
				E935109D17904C6A00F30FA2 /* fox@2x.png */,
				E935109617904C6A00F30FA2 /* dog.png */,
				E935109717904C6A00F30FA2 /* dog@2x.png */,
				E935109317904C6A00F30FA2 /* Default-568h@2x.png */,
				E935109417904C6A00F30FA2 /* Default.png */,
				E935109517904C6A00F30FA2 /* Default@2x.png */,
				E935109817904C6A00F30FA2 /* InfoPlist.strings */,
				E935109E17904C6A00F30FA2 /* main.m */,
				E93510A117904C6A00F30FA2 /* RTToastManager-Info.plist */,
				E93510A217904C6A00F30FA2 /* RTToastManager-Prefix.pch */,
			);
			name = "Supporting Files";
			sourceTree = "<group>";
		};
		E993BAF0178B080B00CD032E = {
			isa = PBXGroup;
			children = (
				E935109217904C6A00F30FA2 /* Demo */,
				E993BB02178B080B00CD032E /* RTToastManager */,
				E993BAFB178B080B00CD032E /* Frameworks */,
				E993BAFA178B080B00CD032E /* Products */,
			);
			sourceTree = "<group>";
		};
		E993BAFA178B080B00CD032E /* Products */ = {
			isa = PBXGroup;
			children = (
				E993BAF9178B080B00CD032E /* RTToastManager.app */,
			);
			name = Products;
			sourceTree = "<group>";
		};
		E993BAFB178B080B00CD032E /* Frameworks */ = {
			isa = PBXGroup;
			children = (
				E993BAFC178B080B00CD032E /* UIKit.framework */,
				E993BAFE178B080B00CD032E /* Foundation.framework */,
				E993BB00178B080B00CD032E /* CoreGraphics.framework */,
			);
			name = Frameworks;
			sourceTree = "<group>";
		};
		E993BB02178B080B00CD032E /* RTToastManager */ = {
			isa = PBXGroup;
			children = (
				E993BB23178B110000CD032E /* RTToastManager */,
			);
			path = RTToastManager;
			sourceTree = "<group>";
		};
		E993BB23178B110000CD032E /* RTToastManager */ = {
			isa = PBXGroup;
			children = (
				E993BB2E178B11DD00CD032E /* RTToastManager.h */,
				E993BB2F178B11DD00CD032E /* RTToastManager.m */,
				E993BB31178B11FA00CD032E /* RTToastMessage.h */,
				E993BB32178B11FA00CD032E /* RTToastMessage.m */,
			);
			name = RTToastManager;
			sourceTree = "<group>";
		};
/* End PBXGroup section */

/* Begin PBXNativeTarget section */
		E993BAF8178B080B00CD032E /* RTToastManager */ = {
			isa = PBXNativeTarget;
			buildConfigurationList = E993BB1F178B080B00CD032E /* Build configuration list for PBXNativeTarget "RTToastManager" */;
			buildPhases = (
				E993BAF5178B080B00CD032E /* Sources */,
				E993BAF6178B080B00CD032E /* Frameworks */,
				E993BAF7178B080B00CD032E /* Resources */,
			);
			buildRules = (
			);
			dependencies = (
			);
			name = RTToastManager;
			productName = RTToastManager;
			productReference = E993BAF9178B080B00CD032E /* RTToastManager.app */;
			productType = "com.apple.product-type.application";
		};
/* End PBXNativeTarget section */

/* Begin PBXProject section */
		E993BAF1178B080B00CD032E /* Project object */ = {
			isa = PBXProject;
			attributes = {
				CLASSPREFIX = RT;
				LastUpgradeCheck = 0460;
				ORGANIZATIONNAME = "Roman Temchenko";
			};
			buildConfigurationList = E993BAF4178B080B00CD032E /* Build configuration list for PBXProject "RTToastManager" */;
			compatibilityVersion = "Xcode 3.2";
			developmentRegion = English;
			hasScannedForEncodings = 0;
			knownRegions = (
				en,
			);
			mainGroup = E993BAF0178B080B00CD032E;
			productRefGroup = E993BAFA178B080B00CD032E /* Products */;
			projectDirPath = "";
			projectRoot = "";
			targets = (
				E993BAF8178B080B00CD032E /* RTToastManager */,
			);
		};
/* End PBXProject section */

/* Begin PBXResourcesBuildPhase section */
		E993BAF7178B080B00CD032E /* Resources */ = {
			isa = PBXResourcesBuildPhase;
			buildActionMask = 2147483647;
			files = (
				E93510A517904C6A00F30FA2 /* Default-568h@2x.png in Resources */,
				E93510A617904C6A00F30FA2 /* Default.png in Resources */,
				E93510A717904C6A00F30FA2 /* Default@2x.png in Resources */,
				E93510A817904C6A00F30FA2 /* dog.png in Resources */,
				E93510A917904C6A00F30FA2 /* dog@2x.png in Resources */,
				E93510AA17904C6A00F30FA2 /* InfoPlist.strings in Resources */,
				E93510AB17904C6A00F30FA2 /* RTViewController.xib in Resources */,
				E93510AC17904C6A00F30FA2 /* fox.png in Resources */,
				E93510AD17904C6A00F30FA2 /* fox@2x.png in Resources */,
			);
			runOnlyForDeploymentPostprocessing = 0;
		};
/* End PBXResourcesBuildPhase section */

/* Begin PBXSourcesBuildPhase section */
		E993BAF5178B080B00CD032E /* Sources */ = {
			isa = PBXSourcesBuildPhase;
			buildActionMask = 2147483647;
			files = (
				E9979F9917983BCC0084BF1C /* RTToastMessage.m in Sources */,
				E993BB30178B11DD00CD032E /* RTToastManager.m in Sources */,
				E93510AE17904C6A00F30FA2 /* main.m in Sources */,
				E93510AF17904C6A00F30FA2 /* RTAppDelegate.m in Sources */,
				E93510B117904C6A00F30FA2 /* RTViewController.m in Sources */,
			);
			runOnlyForDeploymentPostprocessing = 0;
		};
/* End PBXSourcesBuildPhase section */

/* Begin PBXVariantGroup section */
		E935109817904C6A00F30FA2 /* InfoPlist.strings */ = {
			isa = PBXVariantGroup;
			children = (
				E935109917904C6A00F30FA2 /* en */,
			);
			name = InfoPlist.strings;
			sourceTree = "<group>";
		};
		E935109A17904C6A00F30FA2 /* RTViewController.xib */ = {
			isa = PBXVariantGroup;
			children = (
				E935109B17904C6A00F30FA2 /* en */,
			);
			name = RTViewController.xib;
			sourceTree = "<group>";
		};
/* End PBXVariantGroup section */

/* Begin XCBuildConfiguration section */
		E993BB1D178B080B00CD032E /* Debug */ = {
			isa = XCBuildConfiguration;
			buildSettings = {
				ALWAYS_SEARCH_USER_PATHS = NO;
				CLANG_CXX_LANGUAGE_STANDARD = "gnu++0x";
				CLANG_CXX_LIBRARY = "libc++";
				CLANG_ENABLE_OBJC_ARC = YES;
				CLANG_WARN_CONSTANT_CONVERSION = YES;
				CLANG_WARN_EMPTY_BODY = YES;
				CLANG_WARN_ENUM_CONVERSION = YES;
				CLANG_WARN_INT_CONVERSION = YES;
				CLANG_WARN__DUPLICATE_METHOD_MATCH = YES;
				"CODE_SIGN_IDENTITY[sdk=iphoneos*]" = "iPhone Developer";
				COPY_PHASE_STRIP = NO;
				GCC_C_LANGUAGE_STANDARD = gnu99;
				GCC_DYNAMIC_NO_PIC = NO;
				GCC_OPTIMIZATION_LEVEL = 0;
				GCC_PREPROCESSOR_DEFINITIONS = (
					"DEBUG=1",
					"$(inherited)",
				);
				GCC_SYMBOLS_PRIVATE_EXTERN = NO;
				GCC_WARN_ABOUT_RETURN_TYPE = YES;
				GCC_WARN_UNINITIALIZED_AUTOS = YES;
				GCC_WARN_UNUSED_VARIABLE = YES;
				IPHONEOS_DEPLOYMENT_TARGET = 6.1;
				ONLY_ACTIVE_ARCH = YES;
				SDKROOT = iphoneos;
				TARGETED_DEVICE_FAMILY = "1,2";
			};
			name = Debug;
		};
		E993BB1E178B080B00CD032E /* Release */ = {
			isa = XCBuildConfiguration;
			buildSettings = {
				ALWAYS_SEARCH_USER_PATHS = NO;
				CLANG_CXX_LANGUAGE_STANDARD = "gnu++0x";
				CLANG_CXX_LIBRARY = "libc++";
				CLANG_ENABLE_OBJC_ARC = YES;
				CLANG_WARN_CONSTANT_CONVERSION = YES;
				CLANG_WARN_EMPTY_BODY = YES;
				CLANG_WARN_ENUM_CONVERSION = YES;
				CLANG_WARN_INT_CONVERSION = YES;
				CLANG_WARN__DUPLICATE_METHOD_MATCH = YES;
				"CODE_SIGN_IDENTITY[sdk=iphoneos*]" = "iPhone Developer";
				COPY_PHASE_STRIP = YES;
				GCC_C_LANGUAGE_STANDARD = gnu99;
				GCC_WARN_ABOUT_RETURN_TYPE = YES;
				GCC_WARN_UNINITIALIZED_AUTOS = YES;
				GCC_WARN_UNUSED_VARIABLE = YES;
				IPHONEOS_DEPLOYMENT_TARGET = 6.1;
				OTHER_CFLAGS = "-DNS_BLOCK_ASSERTIONS=1";
				SDKROOT = iphoneos;
				TARGETED_DEVICE_FAMILY = "1,2";
				VALIDATE_PRODUCT = YES;
			};
			name = Release;
		};
		E993BB20178B080B00CD032E /* Debug */ = {
			isa = XCBuildConfiguration;
			buildSettings = {
				GCC_PRECOMPILE_PREFIX_HEADER = YES;
				GCC_PREFIX_HEADER = "Demo/RTToastManager-Prefix.pch";
				INFOPLIST_FILE = "$(SRCROOT)/Demo/RTToastManager-Info.plist";
				IPHONEOS_DEPLOYMENT_TARGET = 5.0;
				PRODUCT_NAME = "$(TARGET_NAME)";
				WRAPPER_EXTENSION = app;
			};
			name = Debug;
		};
		E993BB21178B080B00CD032E /* Release */ = {
			isa = XCBuildConfiguration;
			buildSettings = {
				GCC_PRECOMPILE_PREFIX_HEADER = YES;
				GCC_PREFIX_HEADER = "Demo/RTToastManager-Prefix.pch";
				INFOPLIST_FILE = "$(SRCROOT)/Demo/RTToastManager-Info.plist";
				IPHONEOS_DEPLOYMENT_TARGET = 5.0;
				PRODUCT_NAME = "$(TARGET_NAME)";
				WRAPPER_EXTENSION = app;
			};
			name = Release;
		};
/* End XCBuildConfiguration section */

/* Begin XCConfigurationList section */
		E993BAF4178B080B00CD032E /* Build configuration list for PBXProject "RTToastManager" */ = {
			isa = XCConfigurationList;
			buildConfigurations = (
				E993BB1D178B080B00CD032E /* Debug */,
				E993BB1E178B080B00CD032E /* Release */,
			);
			defaultConfigurationIsVisible = 0;
			defaultConfigurationName = Release;
		};
		E993BB1F178B080B00CD032E /* Build configuration list for PBXNativeTarget "RTToastManager" */ = {
			isa = XCConfigurationList;
			buildConfigurations = (
				E993BB20178B080B00CD032E /* Debug */,
				E993BB21178B080B00CD032E /* Release */,
			);
			defaultConfigurationIsVisible = 0;
			defaultConfigurationName = Release;
		};
/* End XCConfigurationList section */
	};
	rootObject = E993BAF1178B080B00CD032E /* Project object */;
}
